
Microsoft Visual Studio Solution File, Format Version 12.00
# Visual Studio Version 17
VisualStudioVersion = 17.2.32616.157
MinimumVisualStudioVersion = 10.0.40219.1
Project("{FAE04EC0-301F-11D3-BF4B-00C04F79EFBC}") = "TeamSystem.Corso.Demo", "TeamSystem.Corso.Demo\TeamSystem.Corso.Demo.csproj", "{711E0EF6-ABF0-409C-8051-27E43B5E1C59}"
EndProject
Global
	GlobalSection(SolutionConfigurationPlatforms) = preSolution
		Debug|Any CPU = Debug|Any CPU
		Release|Any CPU = Release|Any CPU
	EndGlobalSection
	GlobalSection(ProjectConfigurationPlatforms) = postSolution
		{711E0EF6-ABF0-409C-8051-27E43B5E1C59}.Debug|Any CPU.ActiveCfg = Debug|Any CPU
		{711E0EF6-ABF0-409C-8051-27E43B5E1C59}.Debug|Any CPU.Build.0 = Debug|Any CPU
		{711E0EF6-ABF0-409C-8051-27E43B5E1C59}.Release|Any CPU.ActiveCfg = Release|Any CPU
		{711E0EF6-ABF0-409C-8051-27E43B5E1C59}.Release|Any CPU.Build.0 = Release|Any CPU
	EndGlobalSection
	GlobalSection(SolutionProperties) = preSolution
		HideSolutionNode = FALSE
	EndGlobalSection
	GlobalSection(ExtensibilityGlobals) = postSolution
		SolutionGuid = {ECC41C03-2D98-47B4-A951-F2BD0B8586C6}
	EndGlobalSection
EndGlobal
