
Microsoft Visual Studio Solution File, Format Version 12.00
# Visual Studio Version 17
VisualStudioVersion = 17.2.32616.157
MinimumVisualStudioVersion = 10.0.40219.1
Project("{FAE04EC0-301F-11D3-BF4B-00C04F79EFBC}") = "TeamSystem.Corso.Classi", "TeamSystem.corso.Classi\TeamSystem.Corso.Classi.csproj", "{214C4EFD-63B8-4D29-89B1-61E29AF7617C}"
EndProject
Project("{FAE04EC0-301F-11D3-BF4B-00C04F79EFBC}") = "TeamSystem.Corso.Framework", "TeamSystem.Corso.Framework\TeamSystem.Corso.Framework.csproj", "{DA3BFE4B-DE10-4AC8-B884-D70658DD348E}"
EndProject
Global
	GlobalSection(SolutionConfigurationPlatforms) = preSolution
		Debug|Any CPU = Debug|Any CPU
		Release|Any CPU = Release|Any CPU
	EndGlobalSection
	GlobalSection(ProjectConfigurationPlatforms) = postSolution
		{214C4EFD-63B8-4D29-89B1-61E29AF7617C}.Debug|Any CPU.ActiveCfg = Debug|Any CPU
		{214C4EFD-63B8-4D29-89B1-61E29AF7617C}.Debug|Any CPU.Build.0 = Debug|Any CPU
		{214C4EFD-63B8-4D29-89B1-61E29AF7617C}.Release|Any CPU.ActiveCfg = Release|Any CPU
		{214C4EFD-63B8-4D29-89B1-61E29AF7617C}.Release|Any CPU.Build.0 = Release|Any CPU
		{DA3BFE4B-DE10-4AC8-B884-D70658DD348E}.Debug|Any CPU.ActiveCfg = Debug|Any CPU
		{DA3BFE4B-DE10-4AC8-B884-D70658DD348E}.Debug|Any CPU.Build.0 = Debug|Any CPU
		{DA3BFE4B-DE10-4AC8-B884-D70658DD348E}.Release|Any CPU.ActiveCfg = Release|Any CPU
		{DA3BFE4B-DE10-4AC8-B884-D70658DD348E}.Release|Any CPU.Build.0 = Release|Any CPU
	EndGlobalSection
	GlobalSection(SolutionProperties) = preSolution
		HideSolutionNode = FALSE
	EndGlobalSection
	GlobalSection(ExtensibilityGlobals) = postSolution
		SolutionGuid = {82339970-73B2-4FC8-9BA7-76D28A784E85}
	EndGlobalSection
EndGlobal
